
Microsoft Visual Studio Solution File, Format Version 12.00
# Visual Studio 2013
VisualStudioVersion = 12.0.21005.1
MinimumVisualStudioVersion = 10.0.40219.1
Project("{FAE04EC0-301F-11D3-BF4B-00C04F79EFBC}") = "HelloWorld1", "HelloWorld1\HelloWorld1.csproj", "{83093E98-A97A-42A9-8F03-7D9939713DA0}"
EndProject
Project("{FAE04EC0-301F-11D3-BF4B-00C04F79EFBC}") = "AndroidApplication1", "AndroidApplication1\AndroidApplication1.csproj", "{FA48D1AA-F724-4768-9D84-7E6232A9C0FA}"
EndProject
Global
	GlobalSection(SolutionConfigurationPlatforms) = preSolution
		Ad-Hoc|Any CPU = Ad-Hoc|Any CPU
		Ad-Hoc|iPhone = Ad-Hoc|iPhone
		Ad-Hoc|iPhoneSimulator = Ad-Hoc|iPhoneSimulator
		Ad-Hoc|Mixed Platforms = Ad-Hoc|Mixed Platforms
		AppStore|Any CPU = AppStore|Any CPU
		AppStore|iPhone = AppStore|iPhone
		AppStore|iPhoneSimulator = AppStore|iPhoneSimulator
		AppStore|Mixed Platforms = AppStore|Mixed Platforms
		Debug|Any CPU = Debug|Any CPU
		Debug|iPhone = Debug|iPhone
		Debug|iPhoneSimulator = Debug|iPhoneSimulator
		Debug|Mixed Platforms = Debug|Mixed Platforms
		Release|Any CPU = Release|Any CPU
		Release|iPhone = Release|iPhone
		Release|iPhoneSimulator = Release|iPhoneSimulator
		Release|Mixed Platforms = Release|Mixed Platforms
	EndGlobalSection
	GlobalSection(ProjectConfigurationPlatforms) = postSolution
		{83093E98-A97A-42A9-8F03-7D9939713DA0}.Ad-Hoc|Any CPU.ActiveCfg = Ad-Hoc|iPhone
		{83093E98-A97A-42A9-8F03-7D9939713DA0}.Ad-Hoc|iPhone.ActiveCfg = Ad-Hoc|iPhone
		{83093E98-A97A-42A9-8F03-7D9939713DA0}.Ad-Hoc|iPhone.Build.0 = Ad-Hoc|iPhone
		{83093E98-A97A-42A9-8F03-7D9939713DA0}.Ad-Hoc|iPhoneSimulator.ActiveCfg = Ad-Hoc|iPhoneSimulator
		{83093E98-A97A-42A9-8F03-7D9939713DA0}.Ad-Hoc|iPhoneSimulator.Build.0 = Ad-Hoc|iPhoneSimulator
		{83093E98-A97A-42A9-8F03-7D9939713DA0}.Ad-Hoc|Mixed Platforms.ActiveCfg = Ad-Hoc|iPhone
		{83093E98-A97A-42A9-8F03-7D9939713DA0}.Ad-Hoc|Mixed Platforms.Build.0 = Ad-Hoc|iPhone
		{83093E98-A97A-42A9-8F03-7D9939713DA0}.AppStore|Any CPU.ActiveCfg = AppStore|iPhone
		{83093E98-A97A-42A9-8F03-7D9939713DA0}.AppStore|iPhone.ActiveCfg = AppStore|iPhone
		{83093E98-A97A-42A9-8F03-7D9939713DA0}.AppStore|iPhone.Build.0 = AppStore|iPhone
		{83093E98-A97A-42A9-8F03-7D9939713DA0}.AppStore|iPhoneSimulator.ActiveCfg = AppStore|iPhoneSimulator
		{83093E98-A97A-42A9-8F03-7D9939713DA0}.AppStore|iPhoneSimulator.Build.0 = AppStore|iPhoneSimulator
		{83093E98-A97A-42A9-8F03-7D9939713DA0}.AppStore|Mixed Platforms.ActiveCfg = AppStore|iPhone
		{83093E98-A97A-42A9-8F03-7D9939713DA0}.AppStore|Mixed Platforms.Build.0 = AppStore|iPhone
		{83093E98-A97A-42A9-8F03-7D9939713DA0}.Debug|Any CPU.ActiveCfg = Debug|iPhone
		{83093E98-A97A-42A9-8F03-7D9939713DA0}.Debug|iPhone.ActiveCfg = Debug|iPhone
		{83093E98-A97A-42A9-8F03-7D9939713DA0}.Debug|iPhone.Build.0 = Debug|iPhone
		{83093E98-A97A-42A9-8F03-7D9939713DA0}.Debug|iPhoneSimulator.ActiveCfg = Debug|iPhoneSimulator
		{83093E98-A97A-42A9-8F03-7D9939713DA0}.Debug|iPhoneSimulator.Build.0 = Debug|iPhoneSimulator
		{83093E98-A97A-42A9-8F03-7D9939713DA0}.Debug|Mixed Platforms.ActiveCfg = Debug|iPhone
		{83093E98-A97A-42A9-8F03-7D9939713DA0}.Debug|Mixed Platforms.Build.0 = Debug|iPhone
		{83093E98-A97A-42A9-8F03-7D9939713DA0}.Release|Any CPU.ActiveCfg = Release|iPhone
		{83093E98-A97A-42A9-8F03-7D9939713DA0}.Release|iPhone.ActiveCfg = Release|iPhone
		{83093E98-A97A-42A9-8F03-7D9939713DA0}.Release|iPhone.Build.0 = Release|iPhone
		{83093E98-A97A-42A9-8F03-7D9939713DA0}.Release|iPhoneSimulator.ActiveCfg = Release|iPhoneSimulator
		{83093E98-A97A-42A9-8F03-7D9939713DA0}.Release|iPhoneSimulator.Build.0 = Release|iPhoneSimulator
		{83093E98-A97A-42A9-8F03-7D9939713DA0}.Release|Mixed Platforms.ActiveCfg = Release|iPhone
		{83093E98-A97A-42A9-8F03-7D9939713DA0}.Release|Mixed Platforms.Build.0 = Release|iPhone
		{FA48D1AA-F724-4768-9D84-7E6232A9C0FA}.Ad-Hoc|Any CPU.ActiveCfg = Release|Any CPU
		{FA48D1AA-F724-4768-9D84-7E6232A9C0FA}.Ad-Hoc|Any CPU.Build.0 = Release|Any CPU
		{FA48D1AA-F724-4768-9D84-7E6232A9C0FA}.Ad-Hoc|Any CPU.Deploy.0 = Release|Any CPU
		{FA48D1AA-F724-4768-9D84-7E6232A9C0FA}.Ad-Hoc|iPhone.ActiveCfg = Release|Any CPU
		{FA48D1AA-F724-4768-9D84-7E6232A9C0FA}.Ad-Hoc|iPhoneSimulator.ActiveCfg = Release|Any CPU
		{FA48D1AA-F724-4768-9D84-7E6232A9C0FA}.Ad-Hoc|Mixed Platforms.ActiveCfg = Release|Any CPU
		{FA48D1AA-F724-4768-9D84-7E6232A9C0FA}.Ad-Hoc|Mixed Platforms.Build.0 = Release|Any CPU
		{FA48D1AA-F724-4768-9D84-7E6232A9C0FA}.Ad-Hoc|Mixed Platforms.Deploy.0 = Release|Any CPU
		{FA48D1AA-F724-4768-9D84-7E6232A9C0FA}.AppStore|Any CPU.ActiveCfg = Release|Any CPU
		{FA48D1AA-F724-4768-9D84-7E6232A9C0FA}.AppStore|Any CPU.Build.0 = Release|Any CPU
		{FA48D1AA-F724-4768-9D84-7E6232A9C0FA}.AppStore|Any CPU.Deploy.0 = Release|Any CPU
		{FA48D1AA-F724-4768-9D84-7E6232A9C0FA}.AppStore|iPhone.ActiveCfg = Release|Any CPU
		{FA48D1AA-F724-4768-9D84-7E6232A9C0FA}.AppStore|iPhoneSimulator.ActiveCfg = Release|Any CPU
		{FA48D1AA-F724-4768-9D84-7E6232A9C0FA}.AppStore|Mixed Platforms.ActiveCfg = Release|Any CPU
		{FA48D1AA-F724-4768-9D84-7E6232A9C0FA}.AppStore|Mixed Platforms.Build.0 = Release|Any CPU
		{FA48D1AA-F724-4768-9D84-7E6232A9C0FA}.AppStore|Mixed Platforms.Deploy.0 = Release|Any CPU
		{FA48D1AA-F724-4768-9D84-7E6232A9C0FA}.Debug|Any CPU.ActiveCfg = Debug|Any CPU
		{FA48D1AA-F724-4768-9D84-7E6232A9C0FA}.Debug|Any CPU.Build.0 = Debug|Any CPU
		{FA48D1AA-F724-4768-9D84-7E6232A9C0FA}.Debug|Any CPU.Deploy.0 = Debug|Any CPU
		{FA48D1AA-F724-4768-9D84-7E6232A9C0FA}.Debug|iPhone.ActiveCfg = Debug|Any CPU
		{FA48D1AA-F724-4768-9D84-7E6232A9C0FA}.Debug|iPhoneSimulator.ActiveCfg = Debug|Any CPU
		{FA48D1AA-F724-4768-9D84-7E6232A9C0FA}.Debug|Mixed Platforms.ActiveCfg = Debug|Any CPU
		{FA48D1AA-F724-4768-9D84-7E6232A9C0FA}.Debug|Mixed Platforms.Build.0 = Debug|Any CPU
		{FA48D1AA-F724-4768-9D84-7E6232A9C0FA}.Debug|Mixed Platforms.Deploy.0 = Debug|Any CPU
		{FA48D1AA-F724-4768-9D84-7E6232A9C0FA}.Release|Any CPU.ActiveCfg = Release|Any CPU
		{FA48D1AA-F724-4768-9D84-7E6232A9C0FA}.Release|Any CPU.Build.0 = Release|Any CPU
		{FA48D1AA-F724-4768-9D84-7E6232A9C0FA}.Release|Any CPU.Deploy.0 = Release|Any CPU
		{FA48D1AA-F724-4768-9D84-7E6232A9C0FA}.Release|iPhone.ActiveCfg = Release|Any CPU
		{FA48D1AA-F724-4768-9D84-7E6232A9C0FA}.Release|iPhoneSimulator.ActiveCfg = Release|Any CPU
		{FA48D1AA-F724-4768-9D84-7E6232A9C0FA}.Release|Mixed Platforms.ActiveCfg = Release|Any CPU
		{FA48D1AA-F724-4768-9D84-7E6232A9C0FA}.Release|Mixed Platforms.Build.0 = Release|Any CPU
		{FA48D1AA-F724-4768-9D84-7E6232A9C0FA}.Release|Mixed Platforms.Deploy.0 = Release|Any CPU
	EndGlobalSection
	GlobalSection(SolutionProperties) = preSolution
		HideSolutionNode = FALSE
	EndGlobalSection
EndGlobal
