
Microsoft Visual Studio Solution File, Format Version 12.00
# Visual Studio Version 17
VisualStudioVersion = 17.2.32630.192
MinimumVisualStudioVersion = 10.0.40219.1
Project("{9A19103F-16F7-4668-BE54-9A1E7A4F7556}") = "AdventureWorksDistributed.UI", "AdventureWorksCosmos.UI\AdventureWorksDistributed.UI.csproj", "{B7B9F913-1B9D-4C6F-90D1-EA00AD5CF698}"
EndProject
Project("{9A19103F-16F7-4668-BE54-9A1E7A4F7556}") = "AdventureWorksDistributed.Products", "AdventureWorksCosmos.Products\AdventureWorksDistributed.Products.csproj", "{1AD53140-0D61-4F34-A72B-CC854B644591}"
EndProject
Project("{9A19103F-16F7-4668-BE54-9A1E7A4F7556}") = "AdventureWorksDistributed.Core", "AdventureWorksCosmos.Core\AdventureWorksDistributed.Core.csproj", "{1739EFFB-63CB-4897-973D-970E9AC6652F}"
EndProject
Project("{2150E333-8FDC-42A3-9474-1A3956D46DE8}") = "Products", "Products", "{D7B70959-56D1-4023-9116-087D26559C8A}"
EndProject
Project("{2150E333-8FDC-42A3-9474-1A3956D46DE8}") = "Fulfillment", "Fulfillment", "{395709BD-D1CA-464E-AAD9-D3B37BCF3148}"
EndProject
Project("{9A19103F-16F7-4668-BE54-9A1E7A4F7556}") = "AdventureWorksDistributed.Fulfillment.Endpoint", "AdventureWorksDistributed.Fulfillment.Endpoint\AdventureWorksDistributed.Fulfillment.Endpoint.csproj", "{6FD58174-5531-4AF8-A6DF-AD19EBDA207B}"
EndProject
Project("{9A19103F-16F7-4668-BE54-9A1E7A4F7556}") = "AdventureWorksDistributed.Fulfillment.Contracts", "AdventureWorksDistributed.Fulfillment.Contracts\AdventureWorksDistributed.Fulfillment.Contracts.csproj", "{EDCFF3F4-82FD-419B-81A4-9D871B187812}"
EndProject
Project("{2150E333-8FDC-42A3-9474-1A3956D46DE8}") = "Inventory", "Inventory", "{A93086C2-B124-4515-ADF2-71E22C1BFB02}"
EndProject
Project("{9A19103F-16F7-4668-BE54-9A1E7A4F7556}") = "AdventureWorksDistributed.Inventory.Endpoint", "AdventureWorksDistributed.Inventory.Endpoint\AdventureWorksDistributed.Inventory.Endpoint.csproj", "{3B50324D-BB78-452B-8F79-3737204CFA20}"
EndProject
Project("{9A19103F-16F7-4668-BE54-9A1E7A4F7556}") = "AdventureWorksDistributed.Inventory.Contracts", "AdventureWorksDistributed.Inventory.Contracts\AdventureWorksDistributed.Inventory.Contracts.csproj", "{7696B44C-CDBF-4537-A1F9-1190400B60BA}"
EndProject
Project("{2150E333-8FDC-42A3-9474-1A3956D46DE8}") = "Orders", "Orders", "{EF703F86-1A94-461B-A1AA-17564F6D2680}"
EndProject
Project("{9A19103F-16F7-4668-BE54-9A1E7A4F7556}") = "AdventureWorksDistributed.Orders.Api", "AdventureWorksDistributed.Orders.Api\AdventureWorksDistributed.Orders.Api.csproj", "{66CF4658-79B0-45EA-8B49-8B276F11E1B8}"
EndProject
Project("{9A19103F-16F7-4668-BE54-9A1E7A4F7556}") = "AdventureWorksDistributed.Orders.Contracts", "AdventureWorksDistributed.Orders.Contracts\AdventureWorksDistributed.Orders.Contracts.csproj", "{F80A256C-EA88-41B4-8D80-81A7F99529AC}"
EndProject
Project("{9A19103F-16F7-4668-BE54-9A1E7A4F7556}") = "AdventureWorksDistributed.Cart.Contracts", "AdventureWorksDistributed.Cart.Contracts\AdventureWorksDistributed.Cart.Contracts.csproj", "{25FC705C-DBA9-4AB4-8977-48B39EFEC06D}"
EndProject
Project("{FAE04EC0-301F-11D3-BF4B-00C04F79EFBC}") = "AdventureWorksDistributed.PartitionKeys", "AdventureWorksDistributed.PartitionKeys\AdventureWorksDistributed.PartitionKeys.csproj", "{AF3BACA0-A3D1-4B9A-8090-67911773A882}"
EndProject
Project("{FAE04EC0-301F-11D3-BF4B-00C04F79EFBC}") = "AdventureWorksDistributed.AppHost", "AdventureWorksDistributed.AppHost\AdventureWorksDistributed.AppHost.csproj", "{C3E3B551-FF2F-4F4B-89A9-EF519EA6837E}"
EndProject
Global
	GlobalSection(SolutionConfigurationPlatforms) = preSolution
		Debug|Any CPU = Debug|Any CPU
		Release|Any CPU = Release|Any CPU
	EndGlobalSection
	GlobalSection(ProjectConfigurationPlatforms) = postSolution
		{B7B9F913-1B9D-4C6F-90D1-EA00AD5CF698}.Debug|Any CPU.ActiveCfg = Debug|Any CPU
		{B7B9F913-1B9D-4C6F-90D1-EA00AD5CF698}.Debug|Any CPU.Build.0 = Debug|Any CPU
		{B7B9F913-1B9D-4C6F-90D1-EA00AD5CF698}.Release|Any CPU.ActiveCfg = Release|Any CPU
		{B7B9F913-1B9D-4C6F-90D1-EA00AD5CF698}.Release|Any CPU.Build.0 = Release|Any CPU
		{1AD53140-0D61-4F34-A72B-CC854B644591}.Debug|Any CPU.ActiveCfg = Debug|Any CPU
		{1AD53140-0D61-4F34-A72B-CC854B644591}.Debug|Any CPU.Build.0 = Debug|Any CPU
		{1AD53140-0D61-4F34-A72B-CC854B644591}.Release|Any CPU.ActiveCfg = Release|Any CPU
		{1AD53140-0D61-4F34-A72B-CC854B644591}.Release|Any CPU.Build.0 = Release|Any CPU
		{1739EFFB-63CB-4897-973D-970E9AC6652F}.Debug|Any CPU.ActiveCfg = Debug|Any CPU
		{1739EFFB-63CB-4897-973D-970E9AC6652F}.Debug|Any CPU.Build.0 = Debug|Any CPU
		{1739EFFB-63CB-4897-973D-970E9AC6652F}.Release|Any CPU.ActiveCfg = Release|Any CPU
		{1739EFFB-63CB-4897-973D-970E9AC6652F}.Release|Any CPU.Build.0 = Release|Any CPU
		{6FD58174-5531-4AF8-A6DF-AD19EBDA207B}.Debug|Any CPU.ActiveCfg = Debug|Any CPU
		{6FD58174-5531-4AF8-A6DF-AD19EBDA207B}.Debug|Any CPU.Build.0 = Debug|Any CPU
		{6FD58174-5531-4AF8-A6DF-AD19EBDA207B}.Release|Any CPU.ActiveCfg = Release|Any CPU
		{6FD58174-5531-4AF8-A6DF-AD19EBDA207B}.Release|Any CPU.Build.0 = Release|Any CPU
		{EDCFF3F4-82FD-419B-81A4-9D871B187812}.Debug|Any CPU.ActiveCfg = Debug|Any CPU
		{EDCFF3F4-82FD-419B-81A4-9D871B187812}.Debug|Any CPU.Build.0 = Debug|Any CPU
		{EDCFF3F4-82FD-419B-81A4-9D871B187812}.Release|Any CPU.ActiveCfg = Release|Any CPU
		{EDCFF3F4-82FD-419B-81A4-9D871B187812}.Release|Any CPU.Build.0 = Release|Any CPU
		{3B50324D-BB78-452B-8F79-3737204CFA20}.Debug|Any CPU.ActiveCfg = Debug|Any CPU
		{3B50324D-BB78-452B-8F79-3737204CFA20}.Debug|Any CPU.Build.0 = Debug|Any CPU
		{3B50324D-BB78-452B-8F79-3737204CFA20}.Release|Any CPU.ActiveCfg = Release|Any CPU
		{3B50324D-BB78-452B-8F79-3737204CFA20}.Release|Any CPU.Build.0 = Release|Any CPU
		{7696B44C-CDBF-4537-A1F9-1190400B60BA}.Debug|Any CPU.ActiveCfg = Debug|Any CPU
		{7696B44C-CDBF-4537-A1F9-1190400B60BA}.Debug|Any CPU.Build.0 = Debug|Any CPU
		{7696B44C-CDBF-4537-A1F9-1190400B60BA}.Release|Any CPU.ActiveCfg = Release|Any CPU
		{7696B44C-CDBF-4537-A1F9-1190400B60BA}.Release|Any CPU.Build.0 = Release|Any CPU
		{66CF4658-79B0-45EA-8B49-8B276F11E1B8}.Debug|Any CPU.ActiveCfg = Debug|Any CPU
		{66CF4658-79B0-45EA-8B49-8B276F11E1B8}.Debug|Any CPU.Build.0 = Debug|Any CPU
		{66CF4658-79B0-45EA-8B49-8B276F11E1B8}.Release|Any CPU.ActiveCfg = Release|Any CPU
		{66CF4658-79B0-45EA-8B49-8B276F11E1B8}.Release|Any CPU.Build.0 = Release|Any CPU
		{F80A256C-EA88-41B4-8D80-81A7F99529AC}.Debug|Any CPU.ActiveCfg = Debug|Any CPU
		{F80A256C-EA88-41B4-8D80-81A7F99529AC}.Debug|Any CPU.Build.0 = Debug|Any CPU
		{F80A256C-EA88-41B4-8D80-81A7F99529AC}.Release|Any CPU.ActiveCfg = Release|Any CPU
		{F80A256C-EA88-41B4-8D80-81A7F99529AC}.Release|Any CPU.Build.0 = Release|Any CPU
		{25FC705C-DBA9-4AB4-8977-48B39EFEC06D}.Debug|Any CPU.ActiveCfg = Debug|Any CPU
		{25FC705C-DBA9-4AB4-8977-48B39EFEC06D}.Debug|Any CPU.Build.0 = Debug|Any CPU
		{25FC705C-DBA9-4AB4-8977-48B39EFEC06D}.Release|Any CPU.ActiveCfg = Release|Any CPU
		{25FC705C-DBA9-4AB4-8977-48B39EFEC06D}.Release|Any CPU.Build.0 = Release|Any CPU
		{AF3BACA0-A3D1-4B9A-8090-67911773A882}.Debug|Any CPU.ActiveCfg = Debug|Any CPU
		{AF3BACA0-A3D1-4B9A-8090-67911773A882}.Debug|Any CPU.Build.0 = Debug|Any CPU
		{AF3BACA0-A3D1-4B9A-8090-67911773A882}.Release|Any CPU.ActiveCfg = Release|Any CPU
		{AF3BACA0-A3D1-4B9A-8090-67911773A882}.Release|Any CPU.Build.0 = Release|Any CPU
		{C3E3B551-FF2F-4F4B-89A9-EF519EA6837E}.Debug|Any CPU.ActiveCfg = Debug|Any CPU
		{C3E3B551-FF2F-4F4B-89A9-EF519EA6837E}.Debug|Any CPU.Build.0 = Debug|Any CPU
		{C3E3B551-FF2F-4F4B-89A9-EF519EA6837E}.Release|Any CPU.ActiveCfg = Release|Any CPU
		{C3E3B551-FF2F-4F4B-89A9-EF519EA6837E}.Release|Any CPU.Build.0 = Release|Any CPU
	EndGlobalSection
	GlobalSection(SolutionProperties) = preSolution
		HideSolutionNode = FALSE
	EndGlobalSection
	GlobalSection(NestedProjects) = preSolution
		{1AD53140-0D61-4F34-A72B-CC854B644591} = {D7B70959-56D1-4023-9116-087D26559C8A}
		{6FD58174-5531-4AF8-A6DF-AD19EBDA207B} = {395709BD-D1CA-464E-AAD9-D3B37BCF3148}
		{EDCFF3F4-82FD-419B-81A4-9D871B187812} = {395709BD-D1CA-464E-AAD9-D3B37BCF3148}
		{3B50324D-BB78-452B-8F79-3737204CFA20} = {A93086C2-B124-4515-ADF2-71E22C1BFB02}
		{7696B44C-CDBF-4537-A1F9-1190400B60BA} = {A93086C2-B124-4515-ADF2-71E22C1BFB02}
		{66CF4658-79B0-45EA-8B49-8B276F11E1B8} = {EF703F86-1A94-461B-A1AA-17564F6D2680}
		{F80A256C-EA88-41B4-8D80-81A7F99529AC} = {EF703F86-1A94-461B-A1AA-17564F6D2680}
	EndGlobalSection
	GlobalSection(ExtensibilityGlobals) = postSolution
		SolutionGuid = {E2E9CF22-5D05-4DBA-922E-28F51E86ACAA}
	EndGlobalSection
EndGlobal
