
Microsoft Visual Studio Solution File, Format Version 12.00
Project("{FAE04EC0-301F-11D3-BF4B-00C04F79EFBC}") = "WebApp", "WebApp\WebApp.csproj", "{979AB43E-6D02-4498-A9DB-2BC7C151E773}"
EndProject
Project("{FAE04EC0-301F-11D3-BF4B-00C04F79EFBC}") = "IntegrationTestingExample.AppHost", "IntegrationTestingExample.AppHost\IntegrationTestingExample.AppHost.csproj", "{23B8AB1E-CE09-479C-BBC4-748F6FFE5ECD}"
EndProject
Project("{FAE04EC0-301F-11D3-BF4B-00C04F79EFBC}") = "IntegrationTestingExample.ServiceDefaults", "IntegrationTestingExample.ServiceDefaults\IntegrationTestingExample.ServiceDefaults.csproj", "{B26994FF-8C40-40EC-843E-1C48E23502FB}"
EndProject
Project("{2150E333-8FDC-42A3-9474-1A3956D46DE8}") = "Aspire", "Aspire", "{9892D0A2-E3AD-4C9A-8BA2-BE4F334E178D}"
EndProject
Project("{FAE04EC0-301F-11D3-BF4B-00C04F79EFBC}") = "ExternalApi", "ExternalApi\ExternalApi.csproj", "{BA7B3996-C53A-407F-8957-8E33FB51DD8C}"
EndProject
Project("{FAE04EC0-301F-11D3-BF4B-00C04F79EFBC}") = "IntegrationTests", "IntegrationTests\IntegrationTests.csproj", "{94FE35AC-DE1B-445C-9925-416111090981}"
EndProject
Project("{FAE04EC0-301F-11D3-BF4B-00C04F79EFBC}") = "BackgroundService", "BackgroundService\BackgroundService.csproj", "{6D2695C2-E55E-4189-A67A-069EF715C16B}"
EndProject
Project("{FAE04EC0-301F-11D3-BF4B-00C04F79EFBC}") = "Messages", "Messages\Messages.csproj", "{D779F4C8-99C1-4D97-A84C-6A6494130F79}"
EndProject
Project("{FAE04EC0-301F-11D3-BF4B-00C04F79EFBC}") = "BackgroundServiceIntegrationTests", "BackgroundServiceIntegrationTests\BackgroundServiceIntegrationTests.csproj", "{6340818D-9284-4925-B0DD-97F15007C802}"
EndProject
Project("{2150E333-8FDC-42A3-9474-1A3956D46DE8}") = "Tests", "Tests", "{2A673249-3723-4E90-8403-58F545C8B30E}"
EndProject
Project("{FAE04EC0-301F-11D3-BF4B-00C04F79EFBC}") = "Data", "Data\Data.csproj", "{B2EBE6BD-942B-4C65-B940-4860D01DE8F4}"
EndProject
Global
	GlobalSection(SolutionConfigurationPlatforms) = preSolution
		Debug|Any CPU = Debug|Any CPU
		Release|Any CPU = Release|Any CPU
	EndGlobalSection
	GlobalSection(ProjectConfigurationPlatforms) = postSolution
		{979AB43E-6D02-4498-A9DB-2BC7C151E773}.Debug|Any CPU.ActiveCfg = Debug|Any CPU
		{979AB43E-6D02-4498-A9DB-2BC7C151E773}.Debug|Any CPU.Build.0 = Debug|Any CPU
		{979AB43E-6D02-4498-A9DB-2BC7C151E773}.Release|Any CPU.ActiveCfg = Release|Any CPU
		{979AB43E-6D02-4498-A9DB-2BC7C151E773}.Release|Any CPU.Build.0 = Release|Any CPU
		{23B8AB1E-CE09-479C-BBC4-748F6FFE5ECD}.Debug|Any CPU.ActiveCfg = Debug|Any CPU
		{23B8AB1E-CE09-479C-BBC4-748F6FFE5ECD}.Debug|Any CPU.Build.0 = Debug|Any CPU
		{23B8AB1E-CE09-479C-BBC4-748F6FFE5ECD}.Release|Any CPU.ActiveCfg = Release|Any CPU
		{23B8AB1E-CE09-479C-BBC4-748F6FFE5ECD}.Release|Any CPU.Build.0 = Release|Any CPU
		{B26994FF-8C40-40EC-843E-1C48E23502FB}.Debug|Any CPU.ActiveCfg = Debug|Any CPU
		{B26994FF-8C40-40EC-843E-1C48E23502FB}.Debug|Any CPU.Build.0 = Debug|Any CPU
		{B26994FF-8C40-40EC-843E-1C48E23502FB}.Release|Any CPU.ActiveCfg = Release|Any CPU
		{B26994FF-8C40-40EC-843E-1C48E23502FB}.Release|Any CPU.Build.0 = Release|Any CPU
		{BA7B3996-C53A-407F-8957-8E33FB51DD8C}.Debug|Any CPU.ActiveCfg = Debug|Any CPU
		{BA7B3996-C53A-407F-8957-8E33FB51DD8C}.Debug|Any CPU.Build.0 = Debug|Any CPU
		{BA7B3996-C53A-407F-8957-8E33FB51DD8C}.Release|Any CPU.ActiveCfg = Release|Any CPU
		{BA7B3996-C53A-407F-8957-8E33FB51DD8C}.Release|Any CPU.Build.0 = Release|Any CPU
		{94FE35AC-DE1B-445C-9925-416111090981}.Debug|Any CPU.ActiveCfg = Debug|Any CPU
		{94FE35AC-DE1B-445C-9925-416111090981}.Debug|Any CPU.Build.0 = Debug|Any CPU
		{94FE35AC-DE1B-445C-9925-416111090981}.Release|Any CPU.ActiveCfg = Release|Any CPU
		{94FE35AC-DE1B-445C-9925-416111090981}.Release|Any CPU.Build.0 = Release|Any CPU
		{6D2695C2-E55E-4189-A67A-069EF715C16B}.Debug|Any CPU.ActiveCfg = Debug|Any CPU
		{6D2695C2-E55E-4189-A67A-069EF715C16B}.Debug|Any CPU.Build.0 = Debug|Any CPU
		{6D2695C2-E55E-4189-A67A-069EF715C16B}.Release|Any CPU.ActiveCfg = Release|Any CPU
		{6D2695C2-E55E-4189-A67A-069EF715C16B}.Release|Any CPU.Build.0 = Release|Any CPU
		{D779F4C8-99C1-4D97-A84C-6A6494130F79}.Debug|Any CPU.ActiveCfg = Debug|Any CPU
		{D779F4C8-99C1-4D97-A84C-6A6494130F79}.Debug|Any CPU.Build.0 = Debug|Any CPU
		{D779F4C8-99C1-4D97-A84C-6A6494130F79}.Release|Any CPU.ActiveCfg = Release|Any CPU
		{D779F4C8-99C1-4D97-A84C-6A6494130F79}.Release|Any CPU.Build.0 = Release|Any CPU
		{6340818D-9284-4925-B0DD-97F15007C802}.Debug|Any CPU.ActiveCfg = Debug|Any CPU
		{6340818D-9284-4925-B0DD-97F15007C802}.Debug|Any CPU.Build.0 = Debug|Any CPU
		{6340818D-9284-4925-B0DD-97F15007C802}.Release|Any CPU.ActiveCfg = Release|Any CPU
		{6340818D-9284-4925-B0DD-97F15007C802}.Release|Any CPU.Build.0 = Release|Any CPU
		{B2EBE6BD-942B-4C65-B940-4860D01DE8F4}.Debug|Any CPU.ActiveCfg = Debug|Any CPU
		{B2EBE6BD-942B-4C65-B940-4860D01DE8F4}.Debug|Any CPU.Build.0 = Debug|Any CPU
		{B2EBE6BD-942B-4C65-B940-4860D01DE8F4}.Release|Any CPU.ActiveCfg = Release|Any CPU
		{B2EBE6BD-942B-4C65-B940-4860D01DE8F4}.Release|Any CPU.Build.0 = Release|Any CPU
	EndGlobalSection
	GlobalSection(NestedProjects) = preSolution
		{23B8AB1E-CE09-479C-BBC4-748F6FFE5ECD} = {9892D0A2-E3AD-4C9A-8BA2-BE4F334E178D}
		{B26994FF-8C40-40EC-843E-1C48E23502FB} = {9892D0A2-E3AD-4C9A-8BA2-BE4F334E178D}
		{6340818D-9284-4925-B0DD-97F15007C802} = {2A673249-3723-4E90-8403-58F545C8B30E}
		{94FE35AC-DE1B-445C-9925-416111090981} = {2A673249-3723-4E90-8403-58F545C8B30E}
	EndGlobalSection
EndGlobal
