
Microsoft Visual Studio Solution File, Format Version 12.00
# Visual Studio 2012
Project("{2150E333-8FDC-42A3-9474-1A3956D46DE8}") = "Tests", "Tests", "{4BD39664-6EB1-4AD6-ADE3-E03F0D6F1355}"
EndProject
Project("{2150E333-8FDC-42A3-9474-1A3956D46DE8}") = "Build", "Build", "{47EEA786-1BB7-4BA6-B72F-966392D1AA40}"
	ProjectSection(SolutionItems) = preProject
		..\common.build = ..\common.build
		..\default.ps1 = ..\default.ps1
		..\nant.build = ..\nant.build
	EndProjectSection
EndProject
Project("{2150E333-8FDC-42A3-9474-1A3956D46DE8}") = ".nuget", ".nuget", "{64330F63-44B3-4C98-8400-5697CB3CDD9F}"
	ProjectSection(SolutionItems) = preProject
		.nuget\NuGet.Config = .nuget\NuGet.Config
		.nuget\NuGet.exe = .nuget\NuGet.exe
		.nuget\NuGet.targets = .nuget\NuGet.targets
	EndProjectSection
EndProject
Project("{FAE04EC0-301F-11D3-BF4B-00C04F79EFBC}") = "CodeCampServerLite", "Core\CodeCampServerLite.csproj", "{F527B644-AEA7-48FD-87F4-B2B5B0FCBA14}"
EndProject
Project("{FAE04EC0-301F-11D3-BF4B-00C04F79EFBC}") = "UnitTests", "UnitTests\UnitTests.csproj", "{CFCE67E7-8A2D-4C76-AF36-CAA342D521CA}"
EndProject
Project("{FAE04EC0-301F-11D3-BF4B-00C04F79EFBC}") = "IntegrationTests", "IntegrationTests\IntegrationTests.csproj", "{DA06DAD7-7D02-4F85-9875-8CD283F6D64B}"
EndProject
Project("{FAE04EC0-301F-11D3-BF4B-00C04F79EFBC}") = "UITests", "UITests\UITests.csproj", "{F7CB62BE-CA9E-48D9-BEFC-B409E4CFCA87}"
EndProject
Project("{FAE04EC0-301F-11D3-BF4B-00C04F79EFBC}") = "UI", "UI\UI.csproj", "{802CE2AD-D0D1-400B-8775-156FB44BF418}"
EndProject
Global
	GlobalSection(SolutionConfigurationPlatforms) = preSolution
		Debug|Any CPU = Debug|Any CPU
		Release|Any CPU = Release|Any CPU
	EndGlobalSection
	GlobalSection(ProjectConfigurationPlatforms) = postSolution
		{F527B644-AEA7-48FD-87F4-B2B5B0FCBA14}.Debug|Any CPU.ActiveCfg = Debug|Any CPU
		{F527B644-AEA7-48FD-87F4-B2B5B0FCBA14}.Debug|Any CPU.Build.0 = Debug|Any CPU
		{F527B644-AEA7-48FD-87F4-B2B5B0FCBA14}.Release|Any CPU.ActiveCfg = Release|Any CPU
		{F527B644-AEA7-48FD-87F4-B2B5B0FCBA14}.Release|Any CPU.Build.0 = Release|Any CPU
		{CFCE67E7-8A2D-4C76-AF36-CAA342D521CA}.Debug|Any CPU.ActiveCfg = Debug|Any CPU
		{CFCE67E7-8A2D-4C76-AF36-CAA342D521CA}.Debug|Any CPU.Build.0 = Debug|Any CPU
		{CFCE67E7-8A2D-4C76-AF36-CAA342D521CA}.Release|Any CPU.ActiveCfg = Release|Any CPU
		{CFCE67E7-8A2D-4C76-AF36-CAA342D521CA}.Release|Any CPU.Build.0 = Release|Any CPU
		{DA06DAD7-7D02-4F85-9875-8CD283F6D64B}.Debug|Any CPU.ActiveCfg = Debug|Any CPU
		{DA06DAD7-7D02-4F85-9875-8CD283F6D64B}.Debug|Any CPU.Build.0 = Debug|Any CPU
		{DA06DAD7-7D02-4F85-9875-8CD283F6D64B}.Release|Any CPU.ActiveCfg = Release|Any CPU
		{DA06DAD7-7D02-4F85-9875-8CD283F6D64B}.Release|Any CPU.Build.0 = Release|Any CPU
		{F7CB62BE-CA9E-48D9-BEFC-B409E4CFCA87}.Debug|Any CPU.ActiveCfg = Debug|Any CPU
		{F7CB62BE-CA9E-48D9-BEFC-B409E4CFCA87}.Debug|Any CPU.Build.0 = Debug|Any CPU
		{F7CB62BE-CA9E-48D9-BEFC-B409E4CFCA87}.Release|Any CPU.ActiveCfg = Release|Any CPU
		{F7CB62BE-CA9E-48D9-BEFC-B409E4CFCA87}.Release|Any CPU.Build.0 = Release|Any CPU
		{802CE2AD-D0D1-400B-8775-156FB44BF418}.Debug|Any CPU.ActiveCfg = Debug|Any CPU
		{802CE2AD-D0D1-400B-8775-156FB44BF418}.Debug|Any CPU.Build.0 = Debug|Any CPU
		{802CE2AD-D0D1-400B-8775-156FB44BF418}.Release|Any CPU.ActiveCfg = Release|Any CPU
		{802CE2AD-D0D1-400B-8775-156FB44BF418}.Release|Any CPU.Build.0 = Release|Any CPU
	EndGlobalSection
	GlobalSection(SolutionProperties) = preSolution
		HideSolutionNode = FALSE
	EndGlobalSection
	GlobalSection(NestedProjects) = preSolution
		{CFCE67E7-8A2D-4C76-AF36-CAA342D521CA} = {4BD39664-6EB1-4AD6-ADE3-E03F0D6F1355}
		{DA06DAD7-7D02-4F85-9875-8CD283F6D64B} = {4BD39664-6EB1-4AD6-ADE3-E03F0D6F1355}
		{F7CB62BE-CA9E-48D9-BEFC-B409E4CFCA87} = {4BD39664-6EB1-4AD6-ADE3-E03F0D6F1355}
	EndGlobalSection
EndGlobal
