
Microsoft Visual Studio Solution File, Format Version 12.00
# Visual Studio 2013
VisualStudioVersion = 12.0.21005.1
MinimumVisualStudioVersion = 10.0.40219.1
Project("{FAE04EC0-301F-11D3-BF4B-00C04F79EFBC}") = "CrossPlatformApp.Core", "CrossPlatformApp.Core\CrossPlatformApp.Core.csproj", "{39AE0843-098B-41E8-A1C8-A704B30E4F20}"
EndProject
Project("{FAE04EC0-301F-11D3-BF4B-00C04F79EFBC}") = "CrossPlatformApp.Net4", "CrossPlatformApp.Net4\CrossPlatformApp.Net4.csproj", "{C8AE309E-8AA2-4CAA-8690-499808356A11}"
EndProject
Global
	GlobalSection(SolutionConfigurationPlatforms) = preSolution
		Debug|Any CPU = Debug|Any CPU
		Release|Any CPU = Release|Any CPU
	EndGlobalSection
	GlobalSection(ProjectConfigurationPlatforms) = postSolution
		{39AE0843-098B-41E8-A1C8-A704B30E4F20}.Debug|Any CPU.ActiveCfg = Debug|Any CPU
		{39AE0843-098B-41E8-A1C8-A704B30E4F20}.Debug|Any CPU.Build.0 = Debug|Any CPU
		{39AE0843-098B-41E8-A1C8-A704B30E4F20}.Release|Any CPU.ActiveCfg = Release|Any CPU
		{39AE0843-098B-41E8-A1C8-A704B30E4F20}.Release|Any CPU.Build.0 = Release|Any CPU
		{C8AE309E-8AA2-4CAA-8690-499808356A11}.Debug|Any CPU.ActiveCfg = Debug|Any CPU
		{C8AE309E-8AA2-4CAA-8690-499808356A11}.Debug|Any CPU.Build.0 = Debug|Any CPU
		{C8AE309E-8AA2-4CAA-8690-499808356A11}.Release|Any CPU.ActiveCfg = Release|Any CPU
		{C8AE309E-8AA2-4CAA-8690-499808356A11}.Release|Any CPU.Build.0 = Release|Any CPU
	EndGlobalSection
	GlobalSection(SolutionProperties) = preSolution
		HideSolutionNode = FALSE
	EndGlobalSection
EndGlobal
