
Microsoft Visual Studio Solution File, Format Version 12.00
# Visual Studio 2013
VisualStudioVersion = 12.0.21005.1
MinimumVisualStudioVersion = 10.0.40219.1
Project("{FAE04EC0-301F-11D3-BF4B-00C04F79EFBC}") = "PortableClassLibrary1", "PortableClassLibrary1\PortableClassLibrary1.csproj", "{A7FB7675-4EE8-4E89-ABEB-1BF96B8B60E2}"
EndProject
Project("{FAE04EC0-301F-11D3-BF4B-00C04F79EFBC}") = "ConsoleApplication1", "ConsoleApplication1\ConsoleApplication1.csproj", "{881D4B14-A0F4-4EBD-9655-E25D1DDFBCC4}"
EndProject
Global
	GlobalSection(SolutionConfigurationPlatforms) = preSolution
		Debug|Any CPU = Debug|Any CPU
		Release|Any CPU = Release|Any CPU
	EndGlobalSection
	GlobalSection(ProjectConfigurationPlatforms) = postSolution
		{A7FB7675-4EE8-4E89-ABEB-1BF96B8B60E2}.Debug|Any CPU.ActiveCfg = Debug|Any CPU
		{A7FB7675-4EE8-4E89-ABEB-1BF96B8B60E2}.Debug|Any CPU.Build.0 = Debug|Any CPU
		{A7FB7675-4EE8-4E89-ABEB-1BF96B8B60E2}.Release|Any CPU.ActiveCfg = Release|Any CPU
		{A7FB7675-4EE8-4E89-ABEB-1BF96B8B60E2}.Release|Any CPU.Build.0 = Release|Any CPU
		{881D4B14-A0F4-4EBD-9655-E25D1DDFBCC4}.Debug|Any CPU.ActiveCfg = Debug|Any CPU
		{881D4B14-A0F4-4EBD-9655-E25D1DDFBCC4}.Debug|Any CPU.Build.0 = Debug|Any CPU
		{881D4B14-A0F4-4EBD-9655-E25D1DDFBCC4}.Release|Any CPU.ActiveCfg = Release|Any CPU
		{881D4B14-A0F4-4EBD-9655-E25D1DDFBCC4}.Release|Any CPU.Build.0 = Release|Any CPU
	EndGlobalSection
	GlobalSection(SolutionProperties) = preSolution
		HideSolutionNode = FALSE
	EndGlobalSection
EndGlobal
