
Microsoft Visual Studio Solution File, Format Version 12.00
# Visual Studio Version 17
VisualStudioVersion = 17.13.35931.197 d17.13
MinimumVisualStudioVersion = 10.0.40219.1
Project("{FAE04EC0-301F-11D3-BF4B-00C04F79EFBC}") = "LegacyApp", "LegacyApp.csproj", "{C1B11C0B-8B85-4C3B-8278-BAE93F8A107E}"
EndProject
Global
	GlobalSection(SolutionConfigurationPlatforms) = preSolution
		Debug|Any CPU = Debug|Any CPU
		Release|Any CPU = Release|Any CPU
	EndGlobalSection
	GlobalSection(ProjectConfigurationPlatforms) = postSolution
		{C1B11C0B-8B85-4C3B-8278-BAE93F8A107E}.Debug|Any CPU.ActiveCfg = Debug|Any CPU
		{C1B11C0B-8B85-4C3B-8278-BAE93F8A107E}.Debug|Any CPU.Build.0 = Debug|Any CPU
		{C1B11C0B-8B85-4C3B-8278-BAE93F8A107E}.Release|Any CPU.ActiveCfg = Release|Any CPU
		{C1B11C0B-8B85-4C3B-8278-BAE93F8A107E}.Release|Any CPU.Build.0 = Release|Any CPU
	EndGlobalSection
	GlobalSection(SolutionProperties) = preSolution
		HideSolutionNode = FALSE
	EndGlobalSection
	GlobalSection(ExtensibilityGlobals) = postSolution
		SolutionGuid = {0539E42E-EB36-48AF-8EBE-FF0A91AA2EAC}
	EndGlobalSection
EndGlobal
