
Microsoft Visual Studio Solution File, Format Version 12.00
# Visual Studio 2012
Project("{2150E333-8FDC-42A3-9474-1A3956D46DE8}") = "Consuming Files", "Consuming Files", "{4FA78874-3A44-487B-8DFC-A815276B20FF}"
EndProject
Project("{2150E333-8FDC-42A3-9474-1A3956D46DE8}") = "Producing Files", "Producing Files", "{826D66B3-24EE-4304-BAA8-999E5DC2F15D}"
EndProject
Project("{2150E333-8FDC-42A3-9474-1A3956D46DE8}") = "Web Services", "Web Services", "{B90B28AA-ED86-4C64-9222-41DD426CFD58}"
EndProject
Project("{2150E333-8FDC-42A3-9474-1A3956D46DE8}") = "After", "After", "{3A23DB91-F521-4FE7-B8AD-A4D718F3CB02}"
EndProject
Project("{2150E333-8FDC-42A3-9474-1A3956D46DE8}") = "After", "After", "{B88F0A51-EFCC-490F-8287-22F4802FF521}"
EndProject
Project("{2150E333-8FDC-42A3-9474-1A3956D46DE8}") = "After", "After", "{7ECD3F82-53A8-4CDC-AAF2-A6A1CA350C48}"
EndProject
Project("{2150E333-8FDC-42A3-9474-1A3956D46DE8}") = ".nuget", ".nuget", "{49F6A04F-CE52-4478-A8D4-F9B40FC1AE8E}"
	ProjectSection(SolutionItems) = preProject
		.nuget\NuGet.exe = .nuget\NuGet.exe
		.nuget\NuGet.targets = .nuget\NuGet.targets
	EndProjectSection
EndProject
Project("{FAE04EC0-301F-11D3-BF4B-00C04F79EFBC}") = "FileConsumer", "FileConsumer\FileConsumer.csproj", "{DC6F1E27-0874-4F97-BAE5-9A31638EF858}"
EndProject
Project("{FAE04EC0-301F-11D3-BF4B-00C04F79EFBC}") = "FileProducer", "FileProducer\FileProducer.csproj", "{B400907C-09F1-4852-A822-92C9BEB1C8ED}"
EndProject
Project("{FAE04EC0-301F-11D3-BF4B-00C04F79EFBC}") = "OrderSystem", "OrderSystem\OrderSystem.csproj", "{A25EC720-D698-4F2B-9CB4-8861B5BD712F}"
	ProjectSection(ProjectDependencies) = postProject
		{2EA09852-CFA2-4353-AAD5-F4FFF0F157AD} = {2EA09852-CFA2-4353-AAD5-F4FFF0F157AD}
	EndProjectSection
EndProject
Project("{FAE04EC0-301F-11D3-BF4B-00C04F79EFBC}") = "OrderProcessor", "OrderProcessor\OrderProcessor.csproj", "{2EA09852-CFA2-4353-AAD5-F4FFF0F157AD}"
EndProject
Project("{FAE04EC0-301F-11D3-BF4B-00C04F79EFBC}") = "FileConsumerAfter", "FileConsumerAfter\FileConsumerAfter.csproj", "{BDBC37A3-A0C3-4CF8-84B9-BFDCAAC742FA}"
EndProject
Project("{FAE04EC0-301F-11D3-BF4B-00C04F79EFBC}") = "FileConsumerAfterHost", "FileConsumerAfterHost\FileConsumerAfterHost.csproj", "{271382C3-F6D2-4E57-A069-7C3EE3B18496}"
EndProject
Project("{FAE04EC0-301F-11D3-BF4B-00C04F79EFBC}") = "FileConsumerAfterMessages", "FileConsumerAfterMessages\FileConsumerAfterMessages.csproj", "{DC6E13E9-B942-415F-A72E-102B1F53CE6F}"
EndProject
Project("{FAE04EC0-301F-11D3-BF4B-00C04F79EFBC}") = "FileProducerAfter", "FileProducerAfter\FileProducerAfter.csproj", "{DAB868F4-A47F-4E81-9AEB-33A32DA8CEBA}"
EndProject
Project("{FAE04EC0-301F-11D3-BF4B-00C04F79EFBC}") = "FileProducerAfterMessages", "FileProducerAfterMessages\FileProducerAfterMessages.csproj", "{B9811ADD-D58B-4244-AB1E-318DD0F6E9EF}"
EndProject
Project("{FAE04EC0-301F-11D3-BF4B-00C04F79EFBC}") = "OrderProcessorHost", "OrderProcessorHost\OrderProcessorHost.csproj", "{F4499272-2D05-444C-B272-5ED40849E207}"
	ProjectSection(ProjectDependencies) = postProject
		{2EA09852-CFA2-4353-AAD5-F4FFF0F157AD} = {2EA09852-CFA2-4353-AAD5-F4FFF0F157AD}
	EndProjectSection
EndProject
Project("{FAE04EC0-301F-11D3-BF4B-00C04F79EFBC}") = "OrderProcessorMessages", "OrderProcessorMessages\OrderProcessorMessages.csproj", "{DBAFD9FC-4BC2-4DCE-8F60-80510BD05491}"
EndProject
Global
	GlobalSection(SolutionConfigurationPlatforms) = preSolution
		Debug|Any CPU = Debug|Any CPU
		Debug|Mixed Platforms = Debug|Mixed Platforms
		Debug|x86 = Debug|x86
		Release|Any CPU = Release|Any CPU
		Release|Mixed Platforms = Release|Mixed Platforms
		Release|x86 = Release|x86
	EndGlobalSection
	GlobalSection(ProjectConfigurationPlatforms) = postSolution
		{DC6F1E27-0874-4F97-BAE5-9A31638EF858}.Debug|Any CPU.ActiveCfg = Debug|x86
		{DC6F1E27-0874-4F97-BAE5-9A31638EF858}.Debug|Mixed Platforms.ActiveCfg = Debug|x86
		{DC6F1E27-0874-4F97-BAE5-9A31638EF858}.Debug|Mixed Platforms.Build.0 = Debug|x86
		{DC6F1E27-0874-4F97-BAE5-9A31638EF858}.Debug|x86.ActiveCfg = Debug|x86
		{DC6F1E27-0874-4F97-BAE5-9A31638EF858}.Debug|x86.Build.0 = Debug|x86
		{DC6F1E27-0874-4F97-BAE5-9A31638EF858}.Release|Any CPU.ActiveCfg = Release|x86
		{DC6F1E27-0874-4F97-BAE5-9A31638EF858}.Release|Mixed Platforms.ActiveCfg = Release|x86
		{DC6F1E27-0874-4F97-BAE5-9A31638EF858}.Release|Mixed Platforms.Build.0 = Release|x86
		{DC6F1E27-0874-4F97-BAE5-9A31638EF858}.Release|x86.ActiveCfg = Release|x86
		{DC6F1E27-0874-4F97-BAE5-9A31638EF858}.Release|x86.Build.0 = Release|x86
		{B400907C-09F1-4852-A822-92C9BEB1C8ED}.Debug|Any CPU.ActiveCfg = Debug|x86
		{B400907C-09F1-4852-A822-92C9BEB1C8ED}.Debug|Mixed Platforms.ActiveCfg = Debug|x86
		{B400907C-09F1-4852-A822-92C9BEB1C8ED}.Debug|Mixed Platforms.Build.0 = Debug|x86
		{B400907C-09F1-4852-A822-92C9BEB1C8ED}.Debug|x86.ActiveCfg = Debug|x86
		{B400907C-09F1-4852-A822-92C9BEB1C8ED}.Debug|x86.Build.0 = Debug|x86
		{B400907C-09F1-4852-A822-92C9BEB1C8ED}.Release|Any CPU.ActiveCfg = Release|x86
		{B400907C-09F1-4852-A822-92C9BEB1C8ED}.Release|Mixed Platforms.ActiveCfg = Release|x86
		{B400907C-09F1-4852-A822-92C9BEB1C8ED}.Release|Mixed Platforms.Build.0 = Release|x86
		{B400907C-09F1-4852-A822-92C9BEB1C8ED}.Release|x86.ActiveCfg = Release|x86
		{B400907C-09F1-4852-A822-92C9BEB1C8ED}.Release|x86.Build.0 = Release|x86
		{A25EC720-D698-4F2B-9CB4-8861B5BD712F}.Debug|Any CPU.ActiveCfg = Debug|Any CPU
		{A25EC720-D698-4F2B-9CB4-8861B5BD712F}.Debug|Any CPU.Build.0 = Debug|Any CPU
		{A25EC720-D698-4F2B-9CB4-8861B5BD712F}.Debug|Mixed Platforms.ActiveCfg = Debug|Any CPU
		{A25EC720-D698-4F2B-9CB4-8861B5BD712F}.Debug|Mixed Platforms.Build.0 = Debug|Any CPU
		{A25EC720-D698-4F2B-9CB4-8861B5BD712F}.Debug|x86.ActiveCfg = Debug|Any CPU
		{A25EC720-D698-4F2B-9CB4-8861B5BD712F}.Release|Any CPU.ActiveCfg = Release|Any CPU
		{A25EC720-D698-4F2B-9CB4-8861B5BD712F}.Release|Any CPU.Build.0 = Release|Any CPU
		{A25EC720-D698-4F2B-9CB4-8861B5BD712F}.Release|Mixed Platforms.ActiveCfg = Release|Any CPU
		{A25EC720-D698-4F2B-9CB4-8861B5BD712F}.Release|Mixed Platforms.Build.0 = Release|Any CPU
		{A25EC720-D698-4F2B-9CB4-8861B5BD712F}.Release|x86.ActiveCfg = Release|Any CPU
		{2EA09852-CFA2-4353-AAD5-F4FFF0F157AD}.Debug|Any CPU.ActiveCfg = Debug|Any CPU
		{2EA09852-CFA2-4353-AAD5-F4FFF0F157AD}.Debug|Any CPU.Build.0 = Debug|Any CPU
		{2EA09852-CFA2-4353-AAD5-F4FFF0F157AD}.Debug|Mixed Platforms.ActiveCfg = Debug|Any CPU
		{2EA09852-CFA2-4353-AAD5-F4FFF0F157AD}.Debug|Mixed Platforms.Build.0 = Debug|Any CPU
		{2EA09852-CFA2-4353-AAD5-F4FFF0F157AD}.Debug|x86.ActiveCfg = Debug|Any CPU
		{2EA09852-CFA2-4353-AAD5-F4FFF0F157AD}.Release|Any CPU.ActiveCfg = Release|Any CPU
		{2EA09852-CFA2-4353-AAD5-F4FFF0F157AD}.Release|Any CPU.Build.0 = Release|Any CPU
		{2EA09852-CFA2-4353-AAD5-F4FFF0F157AD}.Release|Mixed Platforms.ActiveCfg = Release|Any CPU
		{2EA09852-CFA2-4353-AAD5-F4FFF0F157AD}.Release|Mixed Platforms.Build.0 = Release|Any CPU
		{2EA09852-CFA2-4353-AAD5-F4FFF0F157AD}.Release|x86.ActiveCfg = Release|Any CPU
		{BDBC37A3-A0C3-4CF8-84B9-BFDCAAC742FA}.Debug|Any CPU.ActiveCfg = Debug|Any CPU
		{BDBC37A3-A0C3-4CF8-84B9-BFDCAAC742FA}.Debug|Any CPU.Build.0 = Debug|Any CPU
		{BDBC37A3-A0C3-4CF8-84B9-BFDCAAC742FA}.Debug|Mixed Platforms.ActiveCfg = Debug|Any CPU
		{BDBC37A3-A0C3-4CF8-84B9-BFDCAAC742FA}.Debug|Mixed Platforms.Build.0 = Debug|Any CPU
		{BDBC37A3-A0C3-4CF8-84B9-BFDCAAC742FA}.Debug|x86.ActiveCfg = Debug|Any CPU
		{BDBC37A3-A0C3-4CF8-84B9-BFDCAAC742FA}.Release|Any CPU.ActiveCfg = Release|Any CPU
		{BDBC37A3-A0C3-4CF8-84B9-BFDCAAC742FA}.Release|Any CPU.Build.0 = Release|Any CPU
		{BDBC37A3-A0C3-4CF8-84B9-BFDCAAC742FA}.Release|Mixed Platforms.ActiveCfg = Release|Any CPU
		{BDBC37A3-A0C3-4CF8-84B9-BFDCAAC742FA}.Release|Mixed Platforms.Build.0 = Release|Any CPU
		{BDBC37A3-A0C3-4CF8-84B9-BFDCAAC742FA}.Release|x86.ActiveCfg = Release|Any CPU
		{271382C3-F6D2-4E57-A069-7C3EE3B18496}.Debug|Any CPU.ActiveCfg = Debug|Any CPU
		{271382C3-F6D2-4E57-A069-7C3EE3B18496}.Debug|Any CPU.Build.0 = Debug|Any CPU
		{271382C3-F6D2-4E57-A069-7C3EE3B18496}.Debug|Mixed Platforms.ActiveCfg = Debug|Any CPU
		{271382C3-F6D2-4E57-A069-7C3EE3B18496}.Debug|Mixed Platforms.Build.0 = Debug|Any CPU
		{271382C3-F6D2-4E57-A069-7C3EE3B18496}.Debug|x86.ActiveCfg = Debug|Any CPU
		{271382C3-F6D2-4E57-A069-7C3EE3B18496}.Release|Any CPU.ActiveCfg = Release|Any CPU
		{271382C3-F6D2-4E57-A069-7C3EE3B18496}.Release|Any CPU.Build.0 = Release|Any CPU
		{271382C3-F6D2-4E57-A069-7C3EE3B18496}.Release|Mixed Platforms.ActiveCfg = Release|Any CPU
		{271382C3-F6D2-4E57-A069-7C3EE3B18496}.Release|Mixed Platforms.Build.0 = Release|Any CPU
		{271382C3-F6D2-4E57-A069-7C3EE3B18496}.Release|x86.ActiveCfg = Release|Any CPU
		{DC6E13E9-B942-415F-A72E-102B1F53CE6F}.Debug|Any CPU.ActiveCfg = Debug|Any CPU
		{DC6E13E9-B942-415F-A72E-102B1F53CE6F}.Debug|Any CPU.Build.0 = Debug|Any CPU
		{DC6E13E9-B942-415F-A72E-102B1F53CE6F}.Debug|Mixed Platforms.ActiveCfg = Debug|Any CPU
		{DC6E13E9-B942-415F-A72E-102B1F53CE6F}.Debug|Mixed Platforms.Build.0 = Debug|Any CPU
		{DC6E13E9-B942-415F-A72E-102B1F53CE6F}.Debug|x86.ActiveCfg = Debug|Any CPU
		{DC6E13E9-B942-415F-A72E-102B1F53CE6F}.Release|Any CPU.ActiveCfg = Release|Any CPU
		{DC6E13E9-B942-415F-A72E-102B1F53CE6F}.Release|Any CPU.Build.0 = Release|Any CPU
		{DC6E13E9-B942-415F-A72E-102B1F53CE6F}.Release|Mixed Platforms.ActiveCfg = Release|Any CPU
		{DC6E13E9-B942-415F-A72E-102B1F53CE6F}.Release|Mixed Platforms.Build.0 = Release|Any CPU
		{DC6E13E9-B942-415F-A72E-102B1F53CE6F}.Release|x86.ActiveCfg = Release|Any CPU
		{DAB868F4-A47F-4E81-9AEB-33A32DA8CEBA}.Debug|Any CPU.ActiveCfg = Debug|Any CPU
		{DAB868F4-A47F-4E81-9AEB-33A32DA8CEBA}.Debug|Any CPU.Build.0 = Debug|Any CPU
		{DAB868F4-A47F-4E81-9AEB-33A32DA8CEBA}.Debug|Mixed Platforms.ActiveCfg = Debug|Any CPU
		{DAB868F4-A47F-4E81-9AEB-33A32DA8CEBA}.Debug|Mixed Platforms.Build.0 = Debug|Any CPU
		{DAB868F4-A47F-4E81-9AEB-33A32DA8CEBA}.Debug|x86.ActiveCfg = Debug|Any CPU
		{DAB868F4-A47F-4E81-9AEB-33A32DA8CEBA}.Release|Any CPU.ActiveCfg = Release|Any CPU
		{DAB868F4-A47F-4E81-9AEB-33A32DA8CEBA}.Release|Any CPU.Build.0 = Release|Any CPU
		{DAB868F4-A47F-4E81-9AEB-33A32DA8CEBA}.Release|Mixed Platforms.ActiveCfg = Release|Any CPU
		{DAB868F4-A47F-4E81-9AEB-33A32DA8CEBA}.Release|Mixed Platforms.Build.0 = Release|Any CPU
		{DAB868F4-A47F-4E81-9AEB-33A32DA8CEBA}.Release|x86.ActiveCfg = Release|Any CPU
		{B9811ADD-D58B-4244-AB1E-318DD0F6E9EF}.Debug|Any CPU.ActiveCfg = Debug|Any CPU
		{B9811ADD-D58B-4244-AB1E-318DD0F6E9EF}.Debug|Any CPU.Build.0 = Debug|Any CPU
		{B9811ADD-D58B-4244-AB1E-318DD0F6E9EF}.Debug|Mixed Platforms.ActiveCfg = Debug|Any CPU
		{B9811ADD-D58B-4244-AB1E-318DD0F6E9EF}.Debug|Mixed Platforms.Build.0 = Debug|Any CPU
		{B9811ADD-D58B-4244-AB1E-318DD0F6E9EF}.Debug|x86.ActiveCfg = Debug|Any CPU
		{B9811ADD-D58B-4244-AB1E-318DD0F6E9EF}.Release|Any CPU.ActiveCfg = Release|Any CPU
		{B9811ADD-D58B-4244-AB1E-318DD0F6E9EF}.Release|Any CPU.Build.0 = Release|Any CPU
		{B9811ADD-D58B-4244-AB1E-318DD0F6E9EF}.Release|Mixed Platforms.ActiveCfg = Release|Any CPU
		{B9811ADD-D58B-4244-AB1E-318DD0F6E9EF}.Release|Mixed Platforms.Build.0 = Release|Any CPU
		{B9811ADD-D58B-4244-AB1E-318DD0F6E9EF}.Release|x86.ActiveCfg = Release|Any CPU
		{F4499272-2D05-444C-B272-5ED40849E207}.Debug|Any CPU.ActiveCfg = Debug|Any CPU
		{F4499272-2D05-444C-B272-5ED40849E207}.Debug|Any CPU.Build.0 = Debug|Any CPU
		{F4499272-2D05-444C-B272-5ED40849E207}.Debug|Mixed Platforms.ActiveCfg = Debug|Any CPU
		{F4499272-2D05-444C-B272-5ED40849E207}.Debug|Mixed Platforms.Build.0 = Debug|Any CPU
		{F4499272-2D05-444C-B272-5ED40849E207}.Debug|x86.ActiveCfg = Debug|Any CPU
		{F4499272-2D05-444C-B272-5ED40849E207}.Release|Any CPU.ActiveCfg = Release|Any CPU
		{F4499272-2D05-444C-B272-5ED40849E207}.Release|Any CPU.Build.0 = Release|Any CPU
		{F4499272-2D05-444C-B272-5ED40849E207}.Release|Mixed Platforms.ActiveCfg = Release|Any CPU
		{F4499272-2D05-444C-B272-5ED40849E207}.Release|Mixed Platforms.Build.0 = Release|Any CPU
		{F4499272-2D05-444C-B272-5ED40849E207}.Release|x86.ActiveCfg = Release|Any CPU
		{DBAFD9FC-4BC2-4DCE-8F60-80510BD05491}.Debug|Any CPU.ActiveCfg = Debug|Any CPU
		{DBAFD9FC-4BC2-4DCE-8F60-80510BD05491}.Debug|Any CPU.Build.0 = Debug|Any CPU
		{DBAFD9FC-4BC2-4DCE-8F60-80510BD05491}.Debug|Mixed Platforms.ActiveCfg = Debug|Any CPU
		{DBAFD9FC-4BC2-4DCE-8F60-80510BD05491}.Debug|Mixed Platforms.Build.0 = Debug|Any CPU
		{DBAFD9FC-4BC2-4DCE-8F60-80510BD05491}.Debug|x86.ActiveCfg = Debug|Any CPU
		{DBAFD9FC-4BC2-4DCE-8F60-80510BD05491}.Release|Any CPU.ActiveCfg = Release|Any CPU
		{DBAFD9FC-4BC2-4DCE-8F60-80510BD05491}.Release|Any CPU.Build.0 = Release|Any CPU
		{DBAFD9FC-4BC2-4DCE-8F60-80510BD05491}.Release|Mixed Platforms.ActiveCfg = Release|Any CPU
		{DBAFD9FC-4BC2-4DCE-8F60-80510BD05491}.Release|Mixed Platforms.Build.0 = Release|Any CPU
		{DBAFD9FC-4BC2-4DCE-8F60-80510BD05491}.Release|x86.ActiveCfg = Release|Any CPU
	EndGlobalSection
	GlobalSection(SolutionProperties) = preSolution
		HideSolutionNode = FALSE
	EndGlobalSection
	GlobalSection(NestedProjects) = preSolution
		{B88F0A51-EFCC-490F-8287-22F4802FF521} = {4FA78874-3A44-487B-8DFC-A815276B20FF}
		{DC6F1E27-0874-4F97-BAE5-9A31638EF858} = {4FA78874-3A44-487B-8DFC-A815276B20FF}
		{7ECD3F82-53A8-4CDC-AAF2-A6A1CA350C48} = {826D66B3-24EE-4304-BAA8-999E5DC2F15D}
		{B400907C-09F1-4852-A822-92C9BEB1C8ED} = {826D66B3-24EE-4304-BAA8-999E5DC2F15D}
		{3A23DB91-F521-4FE7-B8AD-A4D718F3CB02} = {B90B28AA-ED86-4C64-9222-41DD426CFD58}
		{A25EC720-D698-4F2B-9CB4-8861B5BD712F} = {B90B28AA-ED86-4C64-9222-41DD426CFD58}
		{2EA09852-CFA2-4353-AAD5-F4FFF0F157AD} = {B90B28AA-ED86-4C64-9222-41DD426CFD58}
		{F4499272-2D05-444C-B272-5ED40849E207} = {3A23DB91-F521-4FE7-B8AD-A4D718F3CB02}
		{DBAFD9FC-4BC2-4DCE-8F60-80510BD05491} = {3A23DB91-F521-4FE7-B8AD-A4D718F3CB02}
		{BDBC37A3-A0C3-4CF8-84B9-BFDCAAC742FA} = {B88F0A51-EFCC-490F-8287-22F4802FF521}
		{271382C3-F6D2-4E57-A069-7C3EE3B18496} = {B88F0A51-EFCC-490F-8287-22F4802FF521}
		{DC6E13E9-B942-415F-A72E-102B1F53CE6F} = {B88F0A51-EFCC-490F-8287-22F4802FF521}
		{DAB868F4-A47F-4E81-9AEB-33A32DA8CEBA} = {7ECD3F82-53A8-4CDC-AAF2-A6A1CA350C48}
		{B9811ADD-D58B-4244-AB1E-318DD0F6E9EF} = {7ECD3F82-53A8-4CDC-AAF2-A6A1CA350C48}
	EndGlobalSection
EndGlobal
