
Microsoft Visual Studio Solution File, Format Version 12.00
# Visual Studio 2012
Project("{FAE04EC0-301F-11D3-BF4B-00C04F79EFBC}") = "Polyglot.UI", "Polyglot.UI\Polyglot.UI.csproj", "{DFEB2235-CD75-4B0C-9509-630BAC82122D}"
EndProject
Project("{FAE04EC0-301F-11D3-BF4B-00C04F79EFBC}") = "Polyglot.Products", "Polyglot.Products\Polyglot.Products.csproj", "{57FEF7CB-4733-4F2A-AA10-7078F872F46B}"
EndProject
Project("{FAE04EC0-301F-11D3-BF4B-00C04F79EFBC}") = "Polyglot.Cart", "Polyglot.Cart\Polyglot.Cart.csproj", "{2CD1D236-2773-44E1-A755-24CF5E0DEF3B}"
EndProject
Project("{FAE04EC0-301F-11D3-BF4B-00C04F79EFBC}") = "Polyglot.Orders", "Polyglot.Orders\Polyglot.Orders.csproj", "{2ACF678A-35DA-435E-87CF-0F0E136612B2}"
EndProject
Global
	GlobalSection(SolutionConfigurationPlatforms) = preSolution
		Debug|Any CPU = Debug|Any CPU
		Release|Any CPU = Release|Any CPU
	EndGlobalSection
	GlobalSection(ProjectConfigurationPlatforms) = postSolution
		{DFEB2235-CD75-4B0C-9509-630BAC82122D}.Debug|Any CPU.ActiveCfg = Debug|Any CPU
		{DFEB2235-CD75-4B0C-9509-630BAC82122D}.Debug|Any CPU.Build.0 = Debug|Any CPU
		{DFEB2235-CD75-4B0C-9509-630BAC82122D}.Release|Any CPU.ActiveCfg = Release|Any CPU
		{DFEB2235-CD75-4B0C-9509-630BAC82122D}.Release|Any CPU.Build.0 = Release|Any CPU
		{57FEF7CB-4733-4F2A-AA10-7078F872F46B}.Debug|Any CPU.ActiveCfg = Debug|Any CPU
		{57FEF7CB-4733-4F2A-AA10-7078F872F46B}.Debug|Any CPU.Build.0 = Debug|Any CPU
		{57FEF7CB-4733-4F2A-AA10-7078F872F46B}.Release|Any CPU.ActiveCfg = Release|Any CPU
		{57FEF7CB-4733-4F2A-AA10-7078F872F46B}.Release|Any CPU.Build.0 = Release|Any CPU
		{2CD1D236-2773-44E1-A755-24CF5E0DEF3B}.Debug|Any CPU.ActiveCfg = Debug|Any CPU
		{2CD1D236-2773-44E1-A755-24CF5E0DEF3B}.Debug|Any CPU.Build.0 = Debug|Any CPU
		{2CD1D236-2773-44E1-A755-24CF5E0DEF3B}.Release|Any CPU.ActiveCfg = Release|Any CPU
		{2CD1D236-2773-44E1-A755-24CF5E0DEF3B}.Release|Any CPU.Build.0 = Release|Any CPU
		{2ACF678A-35DA-435E-87CF-0F0E136612B2}.Debug|Any CPU.ActiveCfg = Debug|Any CPU
		{2ACF678A-35DA-435E-87CF-0F0E136612B2}.Debug|Any CPU.Build.0 = Debug|Any CPU
		{2ACF678A-35DA-435E-87CF-0F0E136612B2}.Release|Any CPU.ActiveCfg = Release|Any CPU
		{2ACF678A-35DA-435E-87CF-0F0E136612B2}.Release|Any CPU.Build.0 = Release|Any CPU
	EndGlobalSection
	GlobalSection(SolutionProperties) = preSolution
		HideSolutionNode = FALSE
	EndGlobalSection
EndGlobal
